// !$*UTF8*$!
{
	archiveVersion = 1;
	classes = {
	};
	objectVersion = 56;
	objects = {

/* Begin PBXBuildFile section */
		955CAA4C29F7BF9100DFAAB3 /* AppDelegate.swift in Sources */ = {isa = PBXBuildFile; fileRef = 955CAA4B29F7BF9100DFAAB3 /* AppDelegate.swift */; };
		955CAA4E29F7BF9100DFAAB3 /* SceneDelegate.swift in Sources */ = {isa = PBXBuildFile; fileRef = 955CAA4D29F7BF9100DFAAB3 /* SceneDelegate.swift */; };
		955CAA5029F7BF9100DFAAB3 /* ViewController.swift in Sources */ = {isa = PBXBuildFile; fileRef = 955CAA4F29F7BF9100DFAAB3 /* ViewController.swift */; };
		955CAA5329F7BF9100DFAAB3 /* Main.storyboard in Resources */ = {isa = PBXBuildFile; fileRef = 955CAA5129F7BF9100DFAAB3 /* Main.storyboard */; };
		955CAA5529F7BF9200DFAAB3 /* Assets.xcassets in Resources */ = {isa = PBXBuildFile; fileRef = 955CAA5429F7BF9200DFAAB3 /* Assets.xcassets */; };
		955CAA5829F7BF9200DFAAB3 /* LaunchScreen.storyboard in Resources */ = {isa = PBXBuildFile; fileRef = 955CAA5629F7BF9200DFAAB3 /* LaunchScreen.storyboard */; };
		9586B4982A02BCD300AE9C7B /* ProjectViewController.swift in Sources */ = {isa = PBXBuildFile; fileRef = 9586B4972A02BCD300AE9C7B /* ProjectViewController.swift */; };
		95E90C9C2A01572E00839648 /* Model.swift in Sources */ = {isa = PBXBuildFile; fileRef = 95E90C9B2A01572E00839648 /* Model.swift */; };
		F28F75DC29FEA3F600E77307 /* ResultController.swift in Sources */ = {isa = PBXBuildFile; fileRef = F28F75DB29FEA3F600E77307 /* ResultController.swift */; };
/* End PBXBuildFile section */

/* Begin PBXFileReference section */
		955CAA4829F7BF9100DFAAB3 /* FairTask.app */ = {isa = PBXFileReference; explicitFileType = wrapper.application; includeInIndex = 0; path = FairTask.app; sourceTree = BUILT_PRODUCTS_DIR; };
		955CAA4B29F7BF9100DFAAB3 /* AppDelegate.swift */ = {isa = PBXFileReference; lastKnownFileType = sourcecode.swift; path = AppDelegate.swift; sourceTree = "<group>"; };
		955CAA4D29F7BF9100DFAAB3 /* SceneDelegate.swift */ = {isa = PBXFileReference; lastKnownFileType = sourcecode.swift; path = SceneDelegate.swift; sourceTree = "<group>"; };
		955CAA4F29F7BF9100DFAAB3 /* ViewController.swift */ = {isa = PBXFileReference; lastKnownFileType = sourcecode.swift; path = ViewController.swift; sourceTree = "<group>"; };
		955CAA5229F7BF9100DFAAB3 /* Base */ = {isa = PBXFileReference; lastKnownFileType = file.storyboard; name = Base; path = Base.lproj/Main.storyboard; sourceTree = "<group>"; };
		955CAA5429F7BF9200DFAAB3 /* Assets.xcassets */ = {isa = PBXFileReference; lastKnownFileType = folder.assetcatalog; path = Assets.xcassets; sourceTree = "<group>"; };
		955CAA5729F7BF9200DFAAB3 /* Base */ = {isa = PBXFileReference; lastKnownFileType = file.storyboard; name = Base; path = Base.lproj/LaunchScreen.storyboard; sourceTree = "<group>"; };
		955CAA5929F7BF9200DFAAB3 /* Info.plist */ = {isa = PBXFileReference; lastKnownFileType = text.plist.xml; path = Info.plist; sourceTree = "<group>"; };
		9586B4972A02BCD300AE9C7B /* ProjectViewController.swift */ = {isa = PBXFileReference; lastKnownFileType = sourcecode.swift; path = ProjectViewController.swift; sourceTree = "<group>"; };
		95E90C9B2A01572E00839648 /* Model.swift */ = {isa = PBXFileReference; lastKnownFileType = sourcecode.swift; path = Model.swift; sourceTree = "<group>"; };
		F28F75DB29FEA3F600E77307 /* ResultController.swift */ = {isa = PBXFileReference; lastKnownFileType = sourcecode.swift; path = ResultController.swift; sourceTree = "<group>"; };
/* End PBXFileReference section */

/* Begin PBXFrameworksBuildPhase section */
		955CAA4529F7BF9100DFAAB3 /* Frameworks */ = {
			isa = PBXFrameworksBuildPhase;
			buildActionMask = 2147483647;
			files = (
			);
			runOnlyForDeploymentPostprocessing = 0;
		};
/* End PBXFrameworksBuildPhase section */

/* Begin PBXGroup section */
		955CAA3F29F7BF9100DFAAB3 = {
			isa = PBXGroup;
			children = (
				955CAA4A29F7BF9100DFAAB3 /* FairTask */,
				955CAA4929F7BF9100DFAAB3 /* Products */,
			);
			sourceTree = "<group>";
		};
		955CAA4929F7BF9100DFAAB3 /* Products */ = {
			isa = PBXGroup;
			children = (
				955CAA4829F7BF9100DFAAB3 /* FairTask.app */,
			);
			name = Products;
			sourceTree = "<group>";
		};
		955CAA4A29F7BF9100DFAAB3 /* FairTask */ = {
			isa = PBXGroup;
			children = (
				95E90C9A2A01572100839648 /* Model */,
				F28F75D529FEA31C00E77307 /* View */,
				F28F75D429FEA2FE00E77307 /* Control */,
				955CAA4B29F7BF9100DFAAB3 /* AppDelegate.swift */,
				955CAA4D29F7BF9100DFAAB3 /* SceneDelegate.swift */,
				955CAA5429F7BF9200DFAAB3 /* Assets.xcassets */,
				955CAA5629F7BF9200DFAAB3 /* LaunchScreen.storyboard */,
				955CAA5929F7BF9200DFAAB3 /* Info.plist */,
			);
			path = FairTask;
			sourceTree = "<group>";
		};
		95E90C9A2A01572100839648 /* Model */ = {
			isa = PBXGroup;
			children = (
				95E90C9B2A01572E00839648 /* Model.swift */,
			);
			path = Model;
			sourceTree = "<group>";
		};
		F28F75D429FEA2FE00E77307 /* Control */ = {
			isa = PBXGroup;
			children = (
				955CAA4F29F7BF9100DFAAB3 /* ViewController.swift */,
				F28F75DB29FEA3F600E77307 /* ResultController.swift */,
				9586B4972A02BCD300AE9C7B /* ProjectViewController.swift */,
			);
			path = Control;
			sourceTree = "<group>";
		};
		F28F75D529FEA31C00E77307 /* View */ = {
			isa = PBXGroup;
			children = (
				955CAA5129F7BF9100DFAAB3 /* Main.storyboard */,
			);
			path = View;
			sourceTree = "<group>";
		};
/* End PBXGroup section */

/* Begin PBXNativeTarget section */
		955CAA4729F7BF9100DFAAB3 /* FairTask */ = {
			isa = PBXNativeTarget;
			buildConfigurationList = 955CAA5C29F7BF9200DFAAB3 /* Build configuration list for PBXNativeTarget "FairTask" */;
			buildPhases = (
				955CAA4429F7BF9100DFAAB3 /* Sources */,
				955CAA4529F7BF9100DFAAB3 /* Frameworks */,
				955CAA4629F7BF9100DFAAB3 /* Resources */,
			);
			buildRules = (
			);
			dependencies = (
			);
			name = FairTask;
			productName = FairTask;
			productReference = 955CAA4829F7BF9100DFAAB3 /* FairTask.app */;
			productType = "com.apple.product-type.application";
		};
/* End PBXNativeTarget section */

/* Begin PBXProject section */
		955CAA4029F7BF9100DFAAB3 /* Project object */ = {
			isa = PBXProject;
			attributes = {
				BuildIndependentTargetsInParallel = 1;
				LastSwiftUpdateCheck = 1420;
				LastUpgradeCheck = 1420;
				TargetAttributes = {
					955CAA4729F7BF9100DFAAB3 = {
						CreatedOnToolsVersion = 14.2;
					};
				};
			};
			buildConfigurationList = 955CAA4329F7BF9100DFAAB3 /* Build configuration list for PBXProject "FairTask" */;
			compatibilityVersion = "Xcode 14.0";
			developmentRegion = en;
			hasScannedForEncodings = 0;
			knownRegions = (
				en,
				Base,
			);
			mainGroup = 955CAA3F29F7BF9100DFAAB3;
			productRefGroup = 955CAA4929F7BF9100DFAAB3 /* Products */;
			projectDirPath = "";
			projectRoot = "";
			targets = (
				955CAA4729F7BF9100DFAAB3 /* FairTask */,
			);
		};
/* End PBXProject section */

/* Begin PBXResourcesBuildPhase section */
		955CAA4629F7BF9100DFAAB3 /* Resources */ = {
			isa = PBXResourcesBuildPhase;
			buildActionMask = 2147483647;
			files = (
				955CAA5829F7BF9200DFAAB3 /* LaunchScreen.storyboard in Resources */,
				955CAA5529F7BF9200DFAAB3 /* Assets.xcassets in Resources */,
				955CAA5329F7BF9100DFAAB3 /* Main.storyboard in Resources */,
			);
			runOnlyForDeploymentPostprocessing = 0;
		};
/* End PBXResourcesBuildPhase section */

/* Begin PBXSourcesBuildPhase section */
		955CAA4429F7BF9100DFAAB3 /* Sources */ = {
			isa = PBXSourcesBuildPhase;
			buildActionMask = 2147483647;
			files = (
				F28F75DC29FEA3F600E77307 /* ResultController.swift in Sources */,
				955CAA5029F7BF9100DFAAB3 /* ViewController.swift in Sources */,
				9586B4982A02BCD300AE9C7B /* ProjectViewController.swift in Sources */,
				955CAA4C29F7BF9100DFAAB3 /* AppDelegate.swift in Sources */,
				955CAA4E29F7BF9100DFAAB3 /* SceneDelegate.swift in Sources */,
				95E90C9C2A01572E00839648 /* Model.swift in Sources */,
			);
			runOnlyForDeploymentPostprocessing = 0;
		};
/* End PBXSourcesBuildPhase section */

/* Begin PBXVariantGroup section */
		955CAA5129F7BF9100DFAAB3 /* Main.storyboard */ = {
			isa = PBXVariantGroup;
			children = (
				955CAA5229F7BF9100DFAAB3 /* Base */,
			);
			name = Main.storyboard;
			sourceTree = "<group>";
		};
		955CAA5629F7BF9200DFAAB3 /* LaunchScreen.storyboard */ = {
			isa = PBXVariantGroup;
			children = (
				955CAA5729F7BF9200DFAAB3 /* Base */,
			);
			name = LaunchScreen.storyboard;
			sourceTree = "<group>";
		};
/* End PBXVariantGroup section */

/* Begin XCBuildConfiguration section */
		955CAA5A29F7BF9200DFAAB3 /* Debug */ = {
			isa = XCBuildConfiguration;
			buildSettings = {
				ALWAYS_SEARCH_USER_PATHS = NO;
				CLANG_ANALYZER_NONNULL = YES;
				CLANG_ANALYZER_NUMBER_OBJECT_CONVERSION = YES_AGGRESSIVE;
				CLANG_CXX_LANGUAGE_STANDARD = "gnu++20";
				CLANG_ENABLE_MODULES = YES;
				CLANG_ENABLE_OBJC_ARC = YES;
				CLANG_ENABLE_OBJC_WEAK = YES;
				CLANG_WARN_BLOCK_CAPTURE_AUTORELEASING = YES;
				CLANG_WARN_BOOL_CONVERSION = YES;
				CLANG_WARN_COMMA = YES;
				CLANG_WARN_CONSTANT_CONVERSION = YES;
				CLANG_WARN_DEPRECATED_OBJC_IMPLEMENTATIONS = YES;
				CLANG_WARN_DIRECT_OBJC_ISA_USAGE = YES_ERROR;
				CLANG_WARN_DOCUMENTATION_COMMENTS = YES;
				CLANG_WARN_EMPTY_BODY = YES;
				CLANG_WARN_ENUM_CONVERSION = YES;
				CLANG_WARN_INFINITE_RECURSION = YES;
				CLANG_WARN_INT_CONVERSION = YES;
				CLANG_WARN_NON_LITERAL_NULL_CONVERSION = YES;
				CLANG_WARN_OBJC_IMPLICIT_RETAIN_SELF = YES;
				CLANG_WARN_OBJC_LITERAL_CONVERSION = YES;
				CLANG_WARN_OBJC_ROOT_CLASS = YES_ERROR;
				CLANG_WARN_QUOTED_INCLUDE_IN_FRAMEWORK_HEADER = YES;
				CLANG_WARN_RANGE_LOOP_ANALYSIS = YES;
				CLANG_WARN_STRICT_PROTOTYPES = YES;
				CLANG_WARN_SUSPICIOUS_MOVE = YES;
				CLANG_WARN_UNGUARDED_AVAILABILITY = YES_AGGRESSIVE;
				CLANG_WARN_UNREACHABLE_CODE = YES;
				CLANG_WARN__DUPLICATE_METHOD_MATCH = YES;
				COPY_PHASE_STRIP = NO;
				DEBUG_INFORMATION_FORMAT = dwarf;
				ENABLE_STRICT_OBJC_MSGSEND = YES;
				ENABLE_TESTABILITY = YES;
				GCC_C_LANGUAGE_STANDARD = gnu11;
				GCC_DYNAMIC_NO_PIC = NO;
				GCC_NO_COMMON_BLOCKS = YES;
				GCC_OPTIMIZATION_LEVEL = 0;
				GCC_PREPROCESSOR_DEFINITIONS = (
					"DEBUG=1",
					"$(inherited)",
				);
				GCC_WARN_64_TO_32_BIT_CONVERSION = YES;
				GCC_WARN_ABOUT_RETURN_TYPE = YES_ERROR;
				GCC_WARN_UNDECLARED_SELECTOR = YES;
				GCC_WARN_UNINITIALIZED_AUTOS = YES_AGGRESSIVE;
				GCC_WARN_UNUSED_FUNCTION = YES;
				GCC_WARN_UNUSED_VARIABLE = YES;
				IPHONEOS_DEPLOYMENT_TARGET = 16.2;
				MTL_ENABLE_DEBUG_INFO = INCLUDE_SOURCE;
				MTL_FAST_MATH = YES;
				ONLY_ACTIVE_ARCH = YES;
				SDKROOT = iphoneos;
				SWIFT_ACTIVE_COMPILATION_CONDITIONS = DEBUG;
				SWIFT_OPTIMIZATION_LEVEL = "-Onone";
			};
			name = Debug;
		};
		955CAA5B29F7BF9200DFAAB3 /* Release */ = {
			isa = XCBuildConfiguration;
			buildSettings = {
				ALWAYS_SEARCH_USER_PATHS = NO;
				CLANG_ANALYZER_NONNULL = YES;
				CLANG_ANALYZER_NUMBER_OBJECT_CONVERSION = YES_AGGRESSIVE;
				CLANG_CXX_LANGUAGE_STANDARD = "gnu++20";
				CLANG_ENABLE_MODULES = YES;
				CLANG_ENABLE_OBJC_ARC = YES;
				CLANG_ENABLE_OBJC_WEAK = YES;
				CLANG_WARN_BLOCK_CAPTURE_AUTORELEASING = YES;
				CLANG_WARN_BOOL_CONVERSION = YES;
				CLANG_WARN_COMMA = YES;
				CLANG_WARN_CONSTANT_CONVERSION = YES;
				CLANG_WARN_DEPRECATED_OBJC_IMPLEMENTATIONS = YES;
				CLANG_WARN_DIRECT_OBJC_ISA_USAGE = YES_ERROR;
				CLANG_WARN_DOCUMENTATION_COMMENTS = YES;
				CLANG_WARN_EMPTY_BODY = YES;
				CLANG_WARN_ENUM_CONVERSION = YES;
				CLANG_WARN_INFINITE_RECURSION = YES;
				CLANG_WARN_INT_CONVERSION = YES;
				CLANG_WARN_NON_LITERAL_NULL_CONVERSION = YES;
				CLANG_WARN_OBJC_IMPLICIT_RETAIN_SELF = YES;
				CLANG_WARN_OBJC_LITERAL_CONVERSION = YES;
				CLANG_WARN_OBJC_ROOT_CLASS = YES_ERROR;
				CLANG_WARN_QUOTED_INCLUDE_IN_FRAMEWORK_HEADER = YES;
				CLANG_WARN_RANGE_LOOP_ANALYSIS = YES;
				CLANG_WARN_STRICT_PROTOTYPES = YES;
				CLANG_WARN_SUSPICIOUS_MOVE = YES;
				CLANG_WARN_UNGUARDED_AVAILABILITY = YES_AGGRESSIVE;
				CLANG_WARN_UNREACHABLE_CODE = YES;
				CLANG_WARN__DUPLICATE_METHOD_MATCH = YES;
				COPY_PHASE_STRIP = NO;
				DEBUG_INFORMATION_FORMAT = "dwarf-with-dsym";
				ENABLE_NS_ASSERTIONS = NO;
				ENABLE_STRICT_OBJC_MSGSEND = YES;
				GCC_C_LANGUAGE_STANDARD = gnu11;
				GCC_NO_COMMON_BLOCKS = YES;
				GCC_WARN_64_TO_32_BIT_CONVERSION = YES;
				GCC_WARN_ABOUT_RETURN_TYPE = YES_ERROR;
				GCC_WARN_UNDECLARED_SELECTOR = YES;
				GCC_WARN_UNINITIALIZED_AUTOS = YES_AGGRESSIVE;
				GCC_WARN_UNUSED_FUNCTION = YES;
				GCC_WARN_UNUSED_VARIABLE = YES;
				IPHONEOS_DEPLOYMENT_TARGET = 16.2;
				MTL_ENABLE_DEBUG_INFO = NO;
				MTL_FAST_MATH = YES;
				SDKROOT = iphoneos;
				SWIFT_COMPILATION_MODE = wholemodule;
				SWIFT_OPTIMIZATION_LEVEL = "-O";
				VALIDATE_PRODUCT = YES;
			};
			name = Release;
		};
		955CAA5D29F7BF9200DFAAB3 /* Debug */ = {
			isa = XCBuildConfiguration;
			buildSettings = {
				ASSETCATALOG_COMPILER_APPICON_NAME = AppIcon;
				ASSETCATALOG_COMPILER_GLOBAL_ACCENT_COLOR_NAME = AccentColor;
				CODE_SIGN_STYLE = Automatic;
				CURRENT_PROJECT_VERSION = 1;
				DEVELOPMENT_TEAM = 4V5234KR24;
				GENERATE_INFOPLIST_FILE = YES;
				INFOPLIST_FILE = FairTask/Info.plist;
				INFOPLIST_KEY_UIApplicationSupportsIndirectInputEvents = YES;
				INFOPLIST_KEY_UILaunchStoryboardName = LaunchScreen;
				INFOPLIST_KEY_UIMainStoryboardFile = Main;
				INFOPLIST_KEY_UISupportedInterfaceOrientations_iPad = "UIInterfaceOrientationPortrait UIInterfaceOrientationPortraitUpsideDown UIInterfaceOrientationLandscapeLeft UIInterfaceOrientationLandscapeRight";
				INFOPLIST_KEY_UISupportedInterfaceOrientations_iPhone = "UIInterfaceOrientationPortrait UIInterfaceOrientationLandscapeLeft UIInterfaceOrientationLandscapeRight";
				LD_RUNPATH_SEARCH_PATHS = (
					"$(inherited)",
					"@executable_path/Frameworks",
				);
				MARKETING_VERSION = 1.0;
				PRODUCT_BUNDLE_IDENTIFIER = com.ios.FairTask;
				PRODUCT_NAME = "$(TARGET_NAME)";
				SWIFT_EMIT_LOC_STRINGS = YES;
				SWIFT_VERSION = 5.0;
				TARGETED_DEVICE_FAMILY = "1,2";
			};
			name = Debug;
		};
		955CAA5E29F7BF9200DFAAB3 /* Release */ = {
			isa = XCBuildConfiguration;
			buildSettings = {
				ASSETCATALOG_COMPILER_APPICON_NAME = AppIcon;
				ASSETCATALOG_COMPILER_GLOBAL_ACCENT_COLOR_NAME = AccentColor;
				CODE_SIGN_STYLE = Automatic;
				CURRENT_PROJECT_VERSION = 1;
				DEVELOPMENT_TEAM = 4V5234KR24;
				GENERATE_INFOPLIST_FILE = YES;
				INFOPLIST_FILE = FairTask/Info.plist;
				INFOPLIST_KEY_UIApplicationSupportsIndirectInputEvents = YES;
				INFOPLIST_KEY_UILaunchStoryboardName = LaunchScreen;
				INFOPLIST_KEY_UIMainStoryboardFile = Main;
				INFOPLIST_KEY_UISupportedInterfaceOrientations_iPad = "UIInterfaceOrientationPortrait UIInterfaceOrientationPortraitUpsideDown UIInterfaceOrientationLandscapeLeft UIInterfaceOrientationLandscapeRight";
				INFOPLIST_KEY_UISupportedInterfaceOrientations_iPhone = "UIInterfaceOrientationPortrait UIInterfaceOrientationLandscapeLeft UIInterfaceOrientationLandscapeRight";
				LD_RUNPATH_SEARCH_PATHS = (
					"$(inherited)",
					"@executable_path/Frameworks",
				);
				MARKETING_VERSION = 1.0;
				PRODUCT_BUNDLE_IDENTIFIER = com.ios.FairTask;
				PRODUCT_NAME = "$(TARGET_NAME)";
				SWIFT_EMIT_LOC_STRINGS = YES;
				SWIFT_VERSION = 5.0;
				TARGETED_DEVICE_FAMILY = "1,2";
			};
			name = Release;
		};
/* End XCBuildConfiguration section */

/* Begin XCConfigurationList section */
		955CAA4329F7BF9100DFAAB3 /* Build configuration list for PBXProject "FairTask" */ = {
			isa = XCConfigurationList;
			buildConfigurations = (
				955CAA5A29F7BF9200DFAAB3 /* Debug */,
				955CAA5B29F7BF9200DFAAB3 /* Release */,
			);
			defaultConfigurationIsVisible = 0;
			defaultConfigurationName = Release;
		};
		955CAA5C29F7BF9200DFAAB3 /* Build configuration list for PBXNativeTarget "FairTask" */ = {
			isa = XCConfigurationList;
			buildConfigurations = (
				955CAA5D29F7BF9200DFAAB3 /* Debug */,
				955CAA5E29F7BF9200DFAAB3 /* Release */,
			);
			defaultConfigurationIsVisible = 0;
			defaultConfigurationName = Release;
		};
/* End XCConfigurationList section */
	};
	rootObject = 955CAA4029F7BF9100DFAAB3 /* Project object */;
}
